
Microsoft Visual Studio Solution File, Format Version 12.00
Project("{FAE04EC0-301F-11D3-BF4B-00C04F79EFBC}") = "ModShark", "ModShark\ModShark.csproj", "{C5065317-F4AD-4CCC-B2FF-C1BE2454FB11}"
EndProject
Project("{FAE04EC0-301F-11D3-BF4B-00C04F79EFBC}") = "SharkeyDB", "SharkeyDB\SharkeyDB.csproj", "{14A58991-1894-42B8-8696-07A8E1AAC89F}"
EndProject
Project("{FAE04EC0-301F-11D3-BF4B-00C04F79EFBC}") = "ModShark.Tests", "ModShark.Tests\ModShark.Tests.csproj", "{D0EE90C8-1DA3-42F9-A461-A469F9C31D1E}"
EndProject
Project("{2150E333-8FDC-42A3-9474-1A3956D46DE8}") = "Resources", "Resources", "{E0F50DC0-AD68-4F30-B0CC-21767BA84AA2}"
	ProjectSection(SolutionItems) = preProject
		Resources\build-prod.ps1 = Resources\build-prod.ps1
		Resources\dev-scripts.sql = Resources\dev-scripts.sql
		Resources\sample-misskey-ids.mjs = Resources\sample-misskey-ids.mjs
		Resources\enqueue-instances.sql = Resources\enqueue-instances.sql
		Resources\enqueue-users.sql = Resources\enqueue-users.sql
		Resources\enqueue-notes.sql = Resources\enqueue-notes.sql
	EndProjectSection
EndProject
Global
	GlobalSection(SolutionConfigurationPlatforms) = preSolution
		Debug|Any CPU = Debug|Any CPU
		Release|Any CPU = Release|Any CPU
	EndGlobalSection
	GlobalSection(ProjectConfigurationPlatforms) = postSolution
		{C5065317-F4AD-4CCC-B2FF-C1BE2454FB11}.Debug|Any CPU.ActiveCfg = Debug|Any CPU
		{C5065317-F4AD-4CCC-B2FF-C1BE2454FB11}.Debug|Any CPU.Build.0 = Debug|Any CPU
		{C5065317-F4AD-4CCC-B2FF-C1BE2454FB11}.Release|Any CPU.ActiveCfg = Release|Any CPU
		{C5065317-F4AD-4CCC-B2FF-C1BE2454FB11}.Release|Any CPU.Build.0 = Release|Any CPU
		{14A58991-1894-42B8-8696-07A8E1AAC89F}.Debug|Any CPU.ActiveCfg = Debug|Any CPU
		{14A58991-1894-42B8-8696-07A8E1AAC89F}.Debug|Any CPU.Build.0 = Debug|Any CPU
		{14A58991-1894-42B8-8696-07A8E1AAC89F}.Release|Any CPU.ActiveCfg = Release|Any CPU
		{14A58991-1894-42B8-8696-07A8E1AAC89F}.Release|Any CPU.Build.0 = Release|Any CPU
		{D0EE90C8-1DA3-42F9-A461-A469F9C31D1E}.Debug|Any CPU.ActiveCfg = Debug|Any CPU
		{D0EE90C8-1DA3-42F9-A461-A469F9C31D1E}.Debug|Any CPU.Build.0 = Debug|Any CPU
		{D0EE90C8-1DA3-42F9-A461-A469F9C31D1E}.Release|Any CPU.ActiveCfg = Release|Any CPU
		{D0EE90C8-1DA3-42F9-A461-A469F9C31D1E}.Release|Any CPU.Build.0 = Release|Any CPU
	EndGlobalSection
EndGlobal
